{
  "name": "alg",
  "lockfileVersion": 2,
  "requires": true,
  "packages": {
    "": {
      "dependencies": {
        "snowball-stemmer.jsx": "^0.2.3"
      }
    },
    "node_modules/snowball-stemmer.jsx": {
      "version": "0.2.3",
      "resolved": "https://registry.npmjs.org/snowball-stemmer.jsx/-/snowball-stemmer.jsx-0.2.3.tgz",
      "integrity": "sha1-7C1Bq6ZUrZMy0+e2Vc+C6pwfDNw=",
      "engines": {
        "node": ">=0.8.0"
      }
    }
  },
  "dependencies": {
    "snowball-stemmer.jsx": {
      "version": "0.2.3",
      "resolved": "https://registry.npmjs.org/snowball-stemmer.jsx/-/snowball-stemmer.jsx-0.2.3.tgz",
      "integrity": "sha1-7C1Bq6ZUrZMy0+e2Vc+C6pwfDNw="
    }
  }
}
