{
  "name": "alg",
  "lockfileVersion": 2,
  "requires": true,
  "packages": {
    "": {
      "dependencies": {
        "fuzzyset": "^1.0.6",
        "snowball-stemmer.jsx": "^0.2.3"
      }
    },
    "node_modules/fuzzyset": {
      "version": "1.0.6",
      "resolved": "https://registry.npmjs.org/fuzzyset/-/fuzzyset-1.0.6.tgz",
      "integrity": "sha512-8zpynKcEvO6wtLf9XOcjutYAUDgd3kgUf4h9LMNjd9UaOSsYHeuk+W6jWKPjEd5pGnA/LYCUpNph9w3jr0fQeg==",
      "engines": {
        "node": ">= 0.4.0"
      },
      "funding": {
        "type": "License Zero",
        "url": "https://licensezero.com/offers/562c0ffe-df98-4348-87b7-e60e3c37c534"
      }
    },
    "node_modules/snowball-stemmer.jsx": {
      "version": "0.2.3",
      "resolved": "https://registry.npmjs.org/snowball-stemmer.jsx/-/snowball-stemmer.jsx-0.2.3.tgz",
      "integrity": "sha1-7C1Bq6ZUrZMy0+e2Vc+C6pwfDNw=",
      "engines": {
        "node": ">=0.8.0"
      }
    }
  },
  "dependencies": {
    "fuzzyset": {
      "version": "1.0.6",
      "resolved": "https://registry.npmjs.org/fuzzyset/-/fuzzyset-1.0.6.tgz",
      "integrity": "sha512-8zpynKcEvO6wtLf9XOcjutYAUDgd3kgUf4h9LMNjd9UaOSsYHeuk+W6jWKPjEd5pGnA/LYCUpNph9w3jr0fQeg=="
    },
    "snowball-stemmer.jsx": {
      "version": "0.2.3",
      "resolved": "https://registry.npmjs.org/snowball-stemmer.jsx/-/snowball-stemmer.jsx-0.2.3.tgz",
      "integrity": "sha1-7C1Bq6ZUrZMy0+e2Vc+C6pwfDNw="
    }
  }
}
